
Microsoft Visual Studio Solution File, Format Version 12.00
# Visual Studio Version 16
VisualStudioVersion = 16.0.29905.134
MinimumVisualStudioVersion = 10.0.40219.1
Project("{FAE04EC0-301F-11D3-BF4B-00C04F79EFBC}") = "EShop", "EShop\EShop.csproj", "{EB86F877-6263-4526-BDF8-BBF2D3231009}"
EndProject
Global
	GlobalSection(SolutionConfigurationPlatforms) = preSolution
		Debug|Any CPU = Debug|Any CPU
		Release|Any CPU = Release|Any CPU
	EndGlobalSection
	GlobalSection(ProjectConfigurationPlatforms) = postSolution
		{EB86F877-6263-4526-BDF8-BBF2D3231009}.Debug|Any CPU.ActiveCfg = Debug|Any CPU
		{EB86F877-6263-4526-BDF8-BBF2D3231009}.Debug|Any CPU.Build.0 = Debug|Any CPU
		{EB86F877-6263-4526-BDF8-BBF2D3231009}.Release|Any CPU.ActiveCfg = Release|Any CPU
		{EB86F877-6263-4526-BDF8-BBF2D3231009}.Release|Any CPU.Build.0 = Release|Any CPU
	EndGlobalSection
	GlobalSection(SolutionProperties) = preSolution
		HideSolutionNode = FALSE
	EndGlobalSection
	GlobalSection(ExtensibilityGlobals) = postSolution
		SolutionGuid = {BDC893AF-FB62-4F32-BCC3-9926A316B86E}
	EndGlobalSection
EndGlobal
